// !$*UTF8*$!
{
	archiveVersion = 1;
	classes = {
	};
	objectVersion = 56;
	objects = {

/* Begin PBXBuildFile section */
		D40BC2D129CE1E1300B4A1E2 /* AppDelegate.swift in Sources */ = {isa = PBXBuildFile; fileRef = D40BC2D029CE1E1300B4A1E2 /* AppDelegate.swift */; };
		D40BC2D329CE1E1300B4A1E2 /* SceneDelegate.swift in Sources */ = {isa = PBXBuildFile; fileRef = D40BC2D229CE1E1300B4A1E2 /* SceneDelegate.swift */; };
		D40BC2DA29CE1E1400B4A1E2 /* Assets.xcassets in Resources */ = {isa = PBXBuildFile; fileRef = D40BC2D929CE1E1400B4A1E2 /* Assets.xcassets */; };
		D40BC2DD29CE1E1400B4A1E2 /* LaunchScreen.storyboard in Resources */ = {isa = PBXBuildFile; fileRef = D40BC2DB29CE1E1400B4A1E2 /* LaunchScreen.storyboard */; };
		D40BC2E629CE212700B4A1E2 /* DevTools in Frameworks */ = {isa = PBXBuildFile; productRef = D40BC2E529CE212700B4A1E2 /* DevTools */; };
		D40BC2E829CE212700B4A1E2 /* DevToolsNavigation in Frameworks */ = {isa = PBXBuildFile; productRef = D40BC2E729CE212700B4A1E2 /* DevToolsNavigation */; };
		D40BC2EA29CE212700B4A1E2 /* DevToolsNetworking in Frameworks */ = {isa = PBXBuildFile; productRef = D40BC2E929CE212700B4A1E2 /* DevToolsNetworking */; };
		D40BC2EC29CE212700B4A1E2 /* DevToolsRealm in Frameworks */ = {isa = PBXBuildFile; productRef = D40BC2EB29CE212700B4A1E2 /* DevToolsRealm */; };
		D40BC2EE29CE212700B4A1E2 /* DevToolsUI in Frameworks */ = {isa = PBXBuildFile; productRef = D40BC2ED29CE212700B4A1E2 /* DevToolsUI */; };
		D40BC2F429CE259800B4A1E2 /* Category.swift in Sources */ = {isa = PBXBuildFile; fileRef = D40BC2F329CE259800B4A1E2 /* Category.swift */; };
		D40BC2F729CE261A00B4A1E2 /* Product.swift in Sources */ = {isa = PBXBuildFile; fileRef = D40BC2F629CE261900B4A1E2 /* Product.swift */; };
		D40BC2FA29CE288300B4A1E2 /* AppCoordinator.swift in Sources */ = {isa = PBXBuildFile; fileRef = D40BC2F929CE288300B4A1E2 /* AppCoordinator.swift */; };
		D40BC2FD29CE29BA00B4A1E2 /* CategoriesCoordinator.swift in Sources */ = {isa = PBXBuildFile; fileRef = D40BC2FC29CE29BA00B4A1E2 /* CategoriesCoordinator.swift */; };
		D40BC30229CE2CBB00B4A1E2 /* CategoriesScreenVM.swift in Sources */ = {isa = PBXBuildFile; fileRef = D40BC30129CE2CBB00B4A1E2 /* CategoriesScreenVM.swift */; };
		D40BC30429CE2CD500B4A1E2 /* CategoriesScreenView.swift in Sources */ = {isa = PBXBuildFile; fileRef = D40BC30329CE2CD500B4A1E2 /* CategoriesScreenView.swift */; };
		D40BC30829CE3CD100B4A1E2 /* CategoryProductsScreenVM.swift in Sources */ = {isa = PBXBuildFile; fileRef = D40BC30729CE3CD100B4A1E2 /* CategoryProductsScreenVM.swift */; };
		D40BC30A29CE3CD900B4A1E2 /* CategoryProductsScreenView.swift in Sources */ = {isa = PBXBuildFile; fileRef = D40BC30929CE3CD900B4A1E2 /* CategoryProductsScreenView.swift */; };
		D40BC30E29CE487300B4A1E2 /* String + ext.swift in Sources */ = {isa = PBXBuildFile; fileRef = D40BC30D29CE487300B4A1E2 /* String + ext.swift */; };
		D40BC31129CEE00000B4A1E2 /* Kingfisher in Frameworks */ = {isa = PBXBuildFile; productRef = D40BC31029CEE00000B4A1E2 /* Kingfisher */; };
		D40BC31529CEF73500B4A1E2 /* CatalogProvider.swift in Sources */ = {isa = PBXBuildFile; fileRef = D40BC31429CEF73500B4A1E2 /* CatalogProvider.swift */; };
		D40BC31829CEF7B900B4A1E2 /* CategoriesResponse.swift in Sources */ = {isa = PBXBuildFile; fileRef = D40BC31729CEF7B900B4A1E2 /* CategoriesResponse.swift */; };
		D40BC31A29CEFAE300B4A1E2 /* CatalogTarget.swift in Sources */ = {isa = PBXBuildFile; fileRef = D40BC31929CEFAE300B4A1E2 /* CatalogTarget.swift */; };
		D40BC31F29CEFC1300B4A1E2 /* Hosts.swift in Sources */ = {isa = PBXBuildFile; fileRef = D40BC31E29CEFC1300B4A1E2 /* Hosts.swift */; };
		D40BC32129CF009F00B4A1E2 /* CatalogProviderError.swift in Sources */ = {isa = PBXBuildFile; fileRef = D40BC32029CF009F00B4A1E2 /* CatalogProviderError.swift */; };
		D40BC32429CF09F000B4A1E2 /* CategoryRepository.swift in Sources */ = {isa = PBXBuildFile; fileRef = D40BC32329CF09F000B4A1E2 /* CategoryRepository.swift */; };
		D40BC32829CF0E2700B4A1E2 /* Product_DB.swift in Sources */ = {isa = PBXBuildFile; fileRef = D40BC32729CF0E2700B4A1E2 /* Product_DB.swift */; };
		D40BC32A29CF0EF100B4A1E2 /* Product_DB + PersistedModelProtocol.swift in Sources */ = {isa = PBXBuildFile; fileRef = D40BC32929CF0EF000B4A1E2 /* Product_DB + PersistedModelProtocol.swift */; };
		D40BC32C29CF107200B4A1E2 /* Product + PersistableDomainModelProtocol.swift in Sources */ = {isa = PBXBuildFile; fileRef = D40BC32B29CF107200B4A1E2 /* Product + PersistableDomainModelProtocol.swift */; };
		D40BC32F29CF11E600B4A1E2 /* Category_DB.swift in Sources */ = {isa = PBXBuildFile; fileRef = D40BC32E29CF11E600B4A1E2 /* Category_DB.swift */; };
		D40BC33129CF11F600B4A1E2 /* Category_DB + PersistedModelProtocol.swift in Sources */ = {isa = PBXBuildFile; fileRef = D40BC33029CF11F600B4A1E2 /* Category_DB + PersistedModelProtocol.swift */; };
		D40BC33329CF120B00B4A1E2 /* Category + PersistableDomainModelProtocol.swift in Sources */ = {isa = PBXBuildFile; fileRef = D40BC33229CF120B00B4A1E2 /* Category + PersistableDomainModelProtocol.swift */; };
		D40BC33529CF15EF00B4A1E2 /* ProductRepository.swift in Sources */ = {isa = PBXBuildFile; fileRef = D40BC33429CF15EF00B4A1E2 /* ProductRepository.swift */; };
		D40BC33829CF1C5C00B4A1E2 /* Dependencies.swift in Sources */ = {isa = PBXBuildFile; fileRef = D40BC33729CF1C5C00B4A1E2 /* Dependencies.swift */; };
		D40BC33B29CF1C9C00B4A1E2 /* Swinject in Frameworks */ = {isa = PBXBuildFile; productRef = D40BC33A29CF1C9C00B4A1E2 /* Swinject */; };
		D40BC33D29CF37CD00B4A1E2 /* ProductsResponse.swift in Sources */ = {isa = PBXBuildFile; fileRef = D40BC33C29CF37CD00B4A1E2 /* ProductsResponse.swift */; };
		D40BC33F29CF3C3D00B4A1E2 /* CatalogProviderField.swift in Sources */ = {isa = PBXBuildFile; fileRef = D40BC33E29CF3C3D00B4A1E2 /* CatalogProviderField.swift */; };
		D40BC34429CF558400B4A1E2 /* ProductResponseMapper.swift in Sources */ = {isa = PBXBuildFile; fileRef = D40BC34329CF558400B4A1E2 /* ProductResponseMapper.swift */; };
		D40BC34729CF75D100B4A1E2 /* SuchEmptyView.swift in Sources */ = {isa = PBXBuildFile; fileRef = D40BC34629CF75D100B4A1E2 /* SuchEmptyView.swift */; };
		D40BC34B29D2050900B4A1E2 /* Constants.swift in Sources */ = {isa = PBXBuildFile; fileRef = D40BC34A29D2050900B4A1E2 /* Constants.swift */; };
/* End PBXBuildFile section */

/* Begin PBXFileReference section */
		D40BC2CD29CE1E1300B4A1E2 /* CatalogViewer.app */ = {isa = PBXFileReference; explicitFileType = wrapper.application; includeInIndex = 0; path = CatalogViewer.app; sourceTree = BUILT_PRODUCTS_DIR; };
		D40BC2D029CE1E1300B4A1E2 /* AppDelegate.swift */ = {isa = PBXFileReference; lastKnownFileType = sourcecode.swift; path = AppDelegate.swift; sourceTree = "<group>"; };
		D40BC2D229CE1E1300B4A1E2 /* SceneDelegate.swift */ = {isa = PBXFileReference; lastKnownFileType = sourcecode.swift; path = SceneDelegate.swift; sourceTree = "<group>"; };
		D40BC2D929CE1E1400B4A1E2 /* Assets.xcassets */ = {isa = PBXFileReference; lastKnownFileType = folder.assetcatalog; path = Assets.xcassets; sourceTree = "<group>"; };
		D40BC2DC29CE1E1400B4A1E2 /* Base */ = {isa = PBXFileReference; lastKnownFileType = file.storyboard; name = Base; path = Base.lproj/LaunchScreen.storyboard; sourceTree = "<group>"; };
		D40BC2DE29CE1E1400B4A1E2 /* Info.plist */ = {isa = PBXFileReference; lastKnownFileType = text.plist.xml; path = Info.plist; sourceTree = "<group>"; };
		D40BC2F329CE259800B4A1E2 /* Category.swift */ = {isa = PBXFileReference; lastKnownFileType = sourcecode.swift; path = Category.swift; sourceTree = "<group>"; };
		D40BC2F629CE261900B4A1E2 /* Product.swift */ = {isa = PBXFileReference; lastKnownFileType = sourcecode.swift; path = Product.swift; sourceTree = "<group>"; };
		D40BC2F929CE288300B4A1E2 /* AppCoordinator.swift */ = {isa = PBXFileReference; lastKnownFileType = sourcecode.swift; path = AppCoordinator.swift; sourceTree = "<group>"; };
		D40BC2FC29CE29BA00B4A1E2 /* CategoriesCoordinator.swift */ = {isa = PBXFileReference; lastKnownFileType = sourcecode.swift; path = CategoriesCoordinator.swift; sourceTree = "<group>"; };
		D40BC30129CE2CBB00B4A1E2 /* CategoriesScreenVM.swift */ = {isa = PBXFileReference; lastKnownFileType = sourcecode.swift; path = CategoriesScreenVM.swift; sourceTree = "<group>"; };
		D40BC30329CE2CD500B4A1E2 /* CategoriesScreenView.swift */ = {isa = PBXFileReference; lastKnownFileType = sourcecode.swift; path = CategoriesScreenView.swift; sourceTree = "<group>"; };
		D40BC30729CE3CD100B4A1E2 /* CategoryProductsScreenVM.swift */ = {isa = PBXFileReference; lastKnownFileType = sourcecode.swift; path = CategoryProductsScreenVM.swift; sourceTree = "<group>"; };
		D40BC30929CE3CD900B4A1E2 /* CategoryProductsScreenView.swift */ = {isa = PBXFileReference; lastKnownFileType = sourcecode.swift; path = CategoryProductsScreenView.swift; sourceTree = "<group>"; };
		D40BC30D29CE487300B4A1E2 /* String + ext.swift */ = {isa = PBXFileReference; lastKnownFileType = sourcecode.swift; path = "String + ext.swift"; sourceTree = "<group>"; };
		D40BC31429CEF73500B4A1E2 /* CatalogProvider.swift */ = {isa = PBXFileReference; lastKnownFileType = sourcecode.swift; path = CatalogProvider.swift; sourceTree = "<group>"; };
		D40BC31729CEF7B900B4A1E2 /* CategoriesResponse.swift */ = {isa = PBXFileReference; lastKnownFileType = sourcecode.swift; path = CategoriesResponse.swift; sourceTree = "<group>"; };
		D40BC31929CEFAE300B4A1E2 /* CatalogTarget.swift */ = {isa = PBXFileReference; lastKnownFileType = sourcecode.swift; path = CatalogTarget.swift; sourceTree = "<group>"; };
		D40BC31E29CEFC1300B4A1E2 /* Hosts.swift */ = {isa = PBXFileReference; lastKnownFileType = sourcecode.swift; path = Hosts.swift; sourceTree = "<group>"; };
		D40BC32029CF009F00B4A1E2 /* CatalogProviderError.swift */ = {isa = PBXFileReference; lastKnownFileType = sourcecode.swift; path = CatalogProviderError.swift; sourceTree = "<group>"; };
		D40BC32329CF09F000B4A1E2 /* CategoryRepository.swift */ = {isa = PBXFileReference; lastKnownFileType = sourcecode.swift; path = CategoryRepository.swift; sourceTree = "<group>"; };
		D40BC32729CF0E2700B4A1E2 /* Product_DB.swift */ = {isa = PBXFileReference; lastKnownFileType = sourcecode.swift; path = Product_DB.swift; sourceTree = "<group>"; };
		D40BC32929CF0EF000B4A1E2 /* Product_DB + PersistedModelProtocol.swift */ = {isa = PBXFileReference; lastKnownFileType = sourcecode.swift; path = "Product_DB + PersistedModelProtocol.swift"; sourceTree = "<group>"; };
		D40BC32B29CF107200B4A1E2 /* Product + PersistableDomainModelProtocol.swift */ = {isa = PBXFileReference; lastKnownFileType = sourcecode.swift; path = "Product + PersistableDomainModelProtocol.swift"; sourceTree = "<group>"; };
		D40BC32E29CF11E600B4A1E2 /* Category_DB.swift */ = {isa = PBXFileReference; lastKnownFileType = sourcecode.swift; path = Category_DB.swift; sourceTree = "<group>"; };
		D40BC33029CF11F600B4A1E2 /* Category_DB + PersistedModelProtocol.swift */ = {isa = PBXFileReference; lastKnownFileType = sourcecode.swift; path = "Category_DB + PersistedModelProtocol.swift"; sourceTree = "<group>"; };
		D40BC33229CF120B00B4A1E2 /* Category + PersistableDomainModelProtocol.swift */ = {isa = PBXFileReference; lastKnownFileType = sourcecode.swift; path = "Category + PersistableDomainModelProtocol.swift"; sourceTree = "<group>"; };
		D40BC33429CF15EF00B4A1E2 /* ProductRepository.swift */ = {isa = PBXFileReference; lastKnownFileType = sourcecode.swift; path = ProductRepository.swift; sourceTree = "<group>"; };
		D40BC33729CF1C5C00B4A1E2 /* Dependencies.swift */ = {isa = PBXFileReference; lastKnownFileType = sourcecode.swift; path = Dependencies.swift; sourceTree = "<group>"; };
		D40BC33C29CF37CD00B4A1E2 /* ProductsResponse.swift */ = {isa = PBXFileReference; lastKnownFileType = sourcecode.swift; path = ProductsResponse.swift; sourceTree = "<group>"; };
		D40BC33E29CF3C3D00B4A1E2 /* CatalogProviderField.swift */ = {isa = PBXFileReference; lastKnownFileType = sourcecode.swift; path = CatalogProviderField.swift; sourceTree = "<group>"; };
		D40BC34329CF558400B4A1E2 /* ProductResponseMapper.swift */ = {isa = PBXFileReference; lastKnownFileType = sourcecode.swift; path = ProductResponseMapper.swift; sourceTree = "<group>"; };
		D40BC34629CF75D100B4A1E2 /* SuchEmptyView.swift */ = {isa = PBXFileReference; lastKnownFileType = sourcecode.swift; path = SuchEmptyView.swift; sourceTree = "<group>"; };
		D40BC34A29D2050900B4A1E2 /* Constants.swift */ = {isa = PBXFileReference; lastKnownFileType = sourcecode.swift; path = Constants.swift; sourceTree = "<group>"; };
/* End PBXFileReference section */

/* Begin PBXFrameworksBuildPhase section */
		D40BC2CA29CE1E1300B4A1E2 /* Frameworks */ = {
			isa = PBXFrameworksBuildPhase;
			buildActionMask = 2147483647;
			files = (
				D40BC31129CEE00000B4A1E2 /* Kingfisher in Frameworks */,
				D40BC2E829CE212700B4A1E2 /* DevToolsNavigation in Frameworks */,
				D40BC33B29CF1C9C00B4A1E2 /* Swinject in Frameworks */,
				D40BC2EE29CE212700B4A1E2 /* DevToolsUI in Frameworks */,
				D40BC2EA29CE212700B4A1E2 /* DevToolsNetworking in Frameworks */,
				D40BC2EC29CE212700B4A1E2 /* DevToolsRealm in Frameworks */,
				D40BC2E629CE212700B4A1E2 /* DevTools in Frameworks */,
			);
			runOnlyForDeploymentPostprocessing = 0;
		};
/* End PBXFrameworksBuildPhase section */

/* Begin PBXGroup section */
		D40BC2C429CE1E1300B4A1E2 = {
			isa = PBXGroup;
			children = (
				D40BC2CF29CE1E1300B4A1E2 /* CatalogViewer */,
				D40BC2CE29CE1E1300B4A1E2 /* Products */,
			);
			sourceTree = "<group>";
		};
		D40BC2CE29CE1E1300B4A1E2 /* Products */ = {
			isa = PBXGroup;
			children = (
				D40BC2CD29CE1E1300B4A1E2 /* CatalogViewer.app */,
			);
			name = Products;
			sourceTree = "<group>";
		};
		D40BC2CF29CE1E1300B4A1E2 /* CatalogViewer */ = {
			isa = PBXGroup;
			children = (
				D40BC2D029CE1E1300B4A1E2 /* AppDelegate.swift */,
				D40BC2D229CE1E1300B4A1E2 /* SceneDelegate.swift */,
				D40BC2F829CE286000B4A1E2 /* Navigation */,
				D40BC2FE29CE2C5500B4A1E2 /* UI */,
				D40BC2EF29CE253100B4A1E2 /* Data */,
				D40BC31B29CEFBC800B4A1E2 /* Config */,
				D40BC30B29CE485300B4A1E2 /* Extensions */,
				D40BC2D929CE1E1400B4A1E2 /* Assets.xcassets */,
				D40BC2DB29CE1E1400B4A1E2 /* LaunchScreen.storyboard */,
				D40BC2DE29CE1E1400B4A1E2 /* Info.plist */,
			);
			path = CatalogViewer;
			sourceTree = "<group>";
		};
		D40BC2EF29CE253100B4A1E2 /* Data */ = {
			isa = PBXGroup;
			children = (
				D40BC32229CF09BD00B4A1E2 /* Repositories */,
				D40BC31229CEF66B00B4A1E2 /* Providers */,
				D40BC2F029CE253D00B4A1E2 /* Models */,
			);
			path = Data;
			sourceTree = "<group>";
		};
		D40BC2F029CE253D00B4A1E2 /* Models */ = {
			isa = PBXGroup;
			children = (
				D40BC2F129CE255100B4A1E2 /* Domain */,
				D40BC32529CF0DC300B4A1E2 /* Database */,
			);
			path = Models;
			sourceTree = "<group>";
		};
		D40BC2F129CE255100B4A1E2 /* Domain */ = {
			isa = PBXGroup;
			children = (
				D40BC2F529CE260200B4A1E2 /* Product */,
				D40BC2F229CE257600B4A1E2 /* Category */,
			);
			path = Domain;
			sourceTree = "<group>";
		};
		D40BC2F229CE257600B4A1E2 /* Category */ = {
			isa = PBXGroup;
			children = (
				D40BC2F329CE259800B4A1E2 /* Category.swift */,
				D40BC33229CF120B00B4A1E2 /* Category + PersistableDomainModelProtocol.swift */,
			);
			path = Category;
			sourceTree = "<group>";
		};
		D40BC2F529CE260200B4A1E2 /* Product */ = {
			isa = PBXGroup;
			children = (
				D40BC2F629CE261900B4A1E2 /* Product.swift */,
				D40BC32B29CF107200B4A1E2 /* Product + PersistableDomainModelProtocol.swift */,
			);
			path = Product;
			sourceTree = "<group>";
		};
		D40BC2F829CE286000B4A1E2 /* Navigation */ = {
			isa = PBXGroup;
			children = (
				D40BC2F929CE288300B4A1E2 /* AppCoordinator.swift */,
				D40BC2FB29CE299E00B4A1E2 /* Categories */,
			);
			path = Navigation;
			sourceTree = "<group>";
		};
		D40BC2FB29CE299E00B4A1E2 /* Categories */ = {
			isa = PBXGroup;
			children = (
				D40BC2FC29CE29BA00B4A1E2 /* CategoriesCoordinator.swift */,
			);
			path = Categories;
			sourceTree = "<group>";
		};
		D40BC2FE29CE2C5500B4A1E2 /* UI */ = {
			isa = PBXGroup;
			children = (
				D40BC30029CE2C8B00B4A1E2 /* Screens */,
				D40BC2FF29CE2C8200B4A1E2 /* Components */,
			);
			path = UI;
			sourceTree = "<group>";
		};
		D40BC2FF29CE2C8200B4A1E2 /* Components */ = {
			isa = PBXGroup;
			children = (
				D40BC34829CF762700B4A1E2 /* MiscViews */,
			);
			path = Components;
			sourceTree = "<group>";
		};
		D40BC30029CE2C8B00B4A1E2 /* Screens */ = {
			isa = PBXGroup;
			children = (
				D40BC30529CE3C0700B4A1E2 /* CategoriesScreen */,
				D40BC30629CE3C6D00B4A1E2 /* CategoryProductsScreen */,
			);
			path = Screens;
			sourceTree = "<group>";
		};
		D40BC30529CE3C0700B4A1E2 /* CategoriesScreen */ = {
			isa = PBXGroup;
			children = (
				D40BC30329CE2CD500B4A1E2 /* CategoriesScreenView.swift */,
				D40BC30129CE2CBB00B4A1E2 /* CategoriesScreenVM.swift */,
			);
			path = CategoriesScreen;
			sourceTree = "<group>";
		};
		D40BC30629CE3C6D00B4A1E2 /* CategoryProductsScreen */ = {
			isa = PBXGroup;
			children = (
				D40BC30729CE3CD100B4A1E2 /* CategoryProductsScreenVM.swift */,
				D40BC30929CE3CD900B4A1E2 /* CategoryProductsScreenView.swift */,
			);
			path = CategoryProductsScreen;
			sourceTree = "<group>";
		};
		D40BC30B29CE485300B4A1E2 /* Extensions */ = {
			isa = PBXGroup;
			children = (
				D40BC30D29CE487300B4A1E2 /* String + ext.swift */,
			);
			path = Extensions;
			sourceTree = "<group>";
		};
		D40BC31229CEF66B00B4A1E2 /* Providers */ = {
			isa = PBXGroup;
			children = (
				D40BC31329CEF72100B4A1E2 /* CatalogProvider */,
			);
			path = Providers;
			sourceTree = "<group>";
		};
		D40BC31329CEF72100B4A1E2 /* CatalogProvider */ = {
			isa = PBXGroup;
			children = (
				D40BC31429CEF73500B4A1E2 /* CatalogProvider.swift */,
				D40BC31929CEFAE300B4A1E2 /* CatalogTarget.swift */,
				D40BC32029CF009F00B4A1E2 /* CatalogProviderError.swift */,
				D40BC33E29CF3C3D00B4A1E2 /* CatalogProviderField.swift */,
				D40BC31629CEF7A500B4A1E2 /* Responses */,
			);
			path = CatalogProvider;
			sourceTree = "<group>";
		};
		D40BC31629CEF7A500B4A1E2 /* Responses */ = {
			isa = PBXGroup;
			children = (
				D40BC31729CEF7B900B4A1E2 /* CategoriesResponse.swift */,
				D40BC33C29CF37CD00B4A1E2 /* ProductsResponse.swift */,
			);
			path = Responses;
			sourceTree = "<group>";
		};
		D40BC31B29CEFBC800B4A1E2 /* Config */ = {
			isa = PBXGroup;
			children = (
				D40BC33629CF1C1900B4A1E2 /* Dependencies */,
				D40BC31C29CEFBF300B4A1E2 /* Hosts */,
				D40BC34929D2050000B4A1E2 /* Constants */,
			);
			path = Config;
			sourceTree = "<group>";
		};
		D40BC31C29CEFBF300B4A1E2 /* Hosts */ = {
			isa = PBXGroup;
			children = (
				D40BC31E29CEFC1300B4A1E2 /* Hosts.swift */,
			);
			path = Hosts;
			sourceTree = "<group>";
		};
		D40BC32229CF09BD00B4A1E2 /* Repositories */ = {
			isa = PBXGroup;
			children = (
				D40BC34129CF554900B4A1E2 /* ProductRepository */,
				D40BC34029CF553E00B4A1E2 /* CategoryRepository */,
			);
			path = Repositories;
			sourceTree = "<group>";
		};
		D40BC32529CF0DC300B4A1E2 /* Database */ = {
			isa = PBXGroup;
			children = (
				D40BC32D29CF11CE00B4A1E2 /* Category_DB */,
				D40BC32629CF0DEF00B4A1E2 /* Product_DB */,
			);
			path = Database;
			sourceTree = "<group>";
		};
		D40BC32629CF0DEF00B4A1E2 /* Product_DB */ = {
			isa = PBXGroup;
			children = (
				D40BC32729CF0E2700B4A1E2 /* Product_DB.swift */,
				D40BC32929CF0EF000B4A1E2 /* Product_DB + PersistedModelProtocol.swift */,
			);
			path = Product_DB;
			sourceTree = "<group>";
		};
		D40BC32D29CF11CE00B4A1E2 /* Category_DB */ = {
			isa = PBXGroup;
			children = (
				D40BC32E29CF11E600B4A1E2 /* Category_DB.swift */,
				D40BC33029CF11F600B4A1E2 /* Category_DB + PersistedModelProtocol.swift */,
			);
			path = Category_DB;
			sourceTree = "<group>";
		};
		D40BC33629CF1C1900B4A1E2 /* Dependencies */ = {
			isa = PBXGroup;
			children = (
				D40BC33729CF1C5C00B4A1E2 /* Dependencies.swift */,
			);
			path = Dependencies;
			sourceTree = "<group>";
		};
		D40BC34029CF553E00B4A1E2 /* CategoryRepository */ = {
			isa = PBXGroup;
			children = (
				D40BC32329CF09F000B4A1E2 /* CategoryRepository.swift */,
			);
			path = CategoryRepository;
			sourceTree = "<group>";
		};
		D40BC34129CF554900B4A1E2 /* ProductRepository */ = {
			isa = PBXGroup;
			children = (
				D40BC34229CF555600B4A1E2 /* Mappers */,
				D40BC33429CF15EF00B4A1E2 /* ProductRepository.swift */,
			);
			path = ProductRepository;
			sourceTree = "<group>";
		};
		D40BC34229CF555600B4A1E2 /* Mappers */ = {
			isa = PBXGroup;
			children = (
				D40BC34329CF558400B4A1E2 /* ProductResponseMapper.swift */,
			);
			path = Mappers;
			sourceTree = "<group>";
		};
		D40BC34529CF75AF00B4A1E2 /* SuchEmptyView */ = {
			isa = PBXGroup;
			children = (
				D40BC34629CF75D100B4A1E2 /* SuchEmptyView.swift */,
			);
			path = SuchEmptyView;
			sourceTree = "<group>";
		};
		D40BC34829CF762700B4A1E2 /* MiscViews */ = {
			isa = PBXGroup;
			children = (
				D40BC34529CF75AF00B4A1E2 /* SuchEmptyView */,
			);
			path = MiscViews;
			sourceTree = "<group>";
		};
		D40BC34929D2050000B4A1E2 /* Constants */ = {
			isa = PBXGroup;
			children = (
				D40BC34A29D2050900B4A1E2 /* Constants.swift */,
			);
			path = Constants;
			sourceTree = "<group>";
		};
/* End PBXGroup section */

/* Begin PBXNativeTarget section */
		D40BC2CC29CE1E1300B4A1E2 /* CatalogViewer */ = {
			isa = PBXNativeTarget;
			buildConfigurationList = D40BC2E129CE1E1400B4A1E2 /* Build configuration list for PBXNativeTarget "CatalogViewer" */;
			buildPhases = (
				D40BC2C929CE1E1300B4A1E2 /* Sources */,
				D40BC2CA29CE1E1300B4A1E2 /* Frameworks */,
				D40BC2CB29CE1E1300B4A1E2 /* Resources */,
			);
			buildRules = (
			);
			dependencies = (
			);
			name = CatalogViewer;
			packageProductDependencies = (
				D40BC2E529CE212700B4A1E2 /* DevTools */,
				D40BC2E729CE212700B4A1E2 /* DevToolsNavigation */,
				D40BC2E929CE212700B4A1E2 /* DevToolsNetworking */,
				D40BC2EB29CE212700B4A1E2 /* DevToolsRealm */,
				D40BC2ED29CE212700B4A1E2 /* DevToolsUI */,
				D40BC31029CEE00000B4A1E2 /* Kingfisher */,
				D40BC33A29CF1C9C00B4A1E2 /* Swinject */,
			);
			productName = CatalogViewer;
			productReference = D40BC2CD29CE1E1300B4A1E2 /* CatalogViewer.app */;
			productType = "com.apple.product-type.application";
		};
/* End PBXNativeTarget section */

/* Begin PBXProject section */
		D40BC2C529CE1E1300B4A1E2 /* Project object */ = {
			isa = PBXProject;
			attributes = {
				BuildIndependentTargetsInParallel = 1;
				LastSwiftUpdateCheck = 1420;
				LastUpgradeCheck = 1420;
				TargetAttributes = {
					D40BC2CC29CE1E1300B4A1E2 = {
						CreatedOnToolsVersion = 14.2;
					};
				};
			};
			buildConfigurationList = D40BC2C829CE1E1300B4A1E2 /* Build configuration list for PBXProject "CatalogViewer" */;
			compatibilityVersion = "Xcode 14.0";
			developmentRegion = en;
			hasScannedForEncodings = 0;
			knownRegions = (
				en,
				Base,
			);
			mainGroup = D40BC2C429CE1E1300B4A1E2;
			packageReferences = (
				D40BC2E429CE212700B4A1E2 /* XCRemoteSwiftPackageReference "DevTools-Swift" */,
				D40BC30F29CEE00000B4A1E2 /* XCRemoteSwiftPackageReference "Kingfisher" */,
				D40BC33929CF1C9C00B4A1E2 /* XCRemoteSwiftPackageReference "Swinject" */,
			);
			productRefGroup = D40BC2CE29CE1E1300B4A1E2 /* Products */;
			projectDirPath = "";
			projectRoot = "";
			targets = (
				D40BC2CC29CE1E1300B4A1E2 /* CatalogViewer */,
			);
		};
/* End PBXProject section */

/* Begin PBXResourcesBuildPhase section */
		D40BC2CB29CE1E1300B4A1E2 /* Resources */ = {
			isa = PBXResourcesBuildPhase;
			buildActionMask = 2147483647;
			files = (
				D40BC2DD29CE1E1400B4A1E2 /* LaunchScreen.storyboard in Resources */,
				D40BC2DA29CE1E1400B4A1E2 /* Assets.xcassets in Resources */,
			);
			runOnlyForDeploymentPostprocessing = 0;
		};
/* End PBXResourcesBuildPhase section */

/* Begin PBXSourcesBuildPhase section */
		D40BC2C929CE1E1300B4A1E2 /* Sources */ = {
			isa = PBXSourcesBuildPhase;
			buildActionMask = 2147483647;
			files = (
				D40BC31A29CEFAE300B4A1E2 /* CatalogTarget.swift in Sources */,
				D40BC32429CF09F000B4A1E2 /* CategoryRepository.swift in Sources */,
				D40BC30E29CE487300B4A1E2 /* String + ext.swift in Sources */,
				D40BC31829CEF7B900B4A1E2 /* CategoriesResponse.swift in Sources */,
				D40BC2FA29CE288300B4A1E2 /* AppCoordinator.swift in Sources */,
				D40BC34B29D2050900B4A1E2 /* Constants.swift in Sources */,
				D40BC33129CF11F600B4A1E2 /* Category_DB + PersistedModelProtocol.swift in Sources */,
				D40BC2D129CE1E1300B4A1E2 /* AppDelegate.swift in Sources */,
				D40BC32129CF009F00B4A1E2 /* CatalogProviderError.swift in Sources */,
				D40BC33829CF1C5C00B4A1E2 /* Dependencies.swift in Sources */,
				D40BC34729CF75D100B4A1E2 /* SuchEmptyView.swift in Sources */,
				D40BC33329CF120B00B4A1E2 /* Category + PersistableDomainModelProtocol.swift in Sources */,
				D40BC33529CF15EF00B4A1E2 /* ProductRepository.swift in Sources */,
				D40BC34429CF558400B4A1E2 /* ProductResponseMapper.swift in Sources */,
				D40BC31529CEF73500B4A1E2 /* CatalogProvider.swift in Sources */,
				D40BC30A29CE3CD900B4A1E2 /* CategoryProductsScreenView.swift in Sources */,
				D40BC30829CE3CD100B4A1E2 /* CategoryProductsScreenVM.swift in Sources */,
				D40BC33F29CF3C3D00B4A1E2 /* CatalogProviderField.swift in Sources */,
				D40BC32F29CF11E600B4A1E2 /* Category_DB.swift in Sources */,
				D40BC32A29CF0EF100B4A1E2 /* Product_DB + PersistedModelProtocol.swift in Sources */,
				D40BC2F729CE261A00B4A1E2 /* Product.swift in Sources */,
				D40BC30229CE2CBB00B4A1E2 /* CategoriesScreenVM.swift in Sources */,
				D40BC30429CE2CD500B4A1E2 /* CategoriesScreenView.swift in Sources */,
				D40BC32C29CF107200B4A1E2 /* Product + PersistableDomainModelProtocol.swift in Sources */,
				D40BC2D329CE1E1300B4A1E2 /* SceneDelegate.swift in Sources */,
				D40BC31F29CEFC1300B4A1E2 /* Hosts.swift in Sources */,
				D40BC33D29CF37CD00B4A1E2 /* ProductsResponse.swift in Sources */,
				D40BC32829CF0E2700B4A1E2 /* Product_DB.swift in Sources */,
				D40BC2F429CE259800B4A1E2 /* Category.swift in Sources */,
				D40BC2FD29CE29BA00B4A1E2 /* CategoriesCoordinator.swift in Sources */,
			);
			runOnlyForDeploymentPostprocessing = 0;
		};
/* End PBXSourcesBuildPhase section */

/* Begin PBXVariantGroup section */
		D40BC2DB29CE1E1400B4A1E2 /* LaunchScreen.storyboard */ = {
			isa = PBXVariantGroup;
			children = (
				D40BC2DC29CE1E1400B4A1E2 /* Base */,
			);
			name = LaunchScreen.storyboard;
			sourceTree = "<group>";
		};
/* End PBXVariantGroup section */

/* Begin XCBuildConfiguration section */
		D40BC2DF29CE1E1400B4A1E2 /* Debug */ = {
			isa = XCBuildConfiguration;
			buildSettings = {
				ALWAYS_SEARCH_USER_PATHS = NO;
				CLANG_ANALYZER_NONNULL = YES;
				CLANG_ANALYZER_NUMBER_OBJECT_CONVERSION = YES_AGGRESSIVE;
				CLANG_CXX_LANGUAGE_STANDARD = "gnu++20";
				CLANG_ENABLE_MODULES = YES;
				CLANG_ENABLE_OBJC_ARC = YES;
				CLANG_ENABLE_OBJC_WEAK = YES;
				CLANG_WARN_BLOCK_CAPTURE_AUTORELEASING = YES;
				CLANG_WARN_BOOL_CONVERSION = YES;
				CLANG_WARN_COMMA = YES;
				CLANG_WARN_CONSTANT_CONVERSION = YES;
				CLANG_WARN_DEPRECATED_OBJC_IMPLEMENTATIONS = YES;
				CLANG_WARN_DIRECT_OBJC_ISA_USAGE = YES_ERROR;
				CLANG_WARN_DOCUMENTATION_COMMENTS = YES;
				CLANG_WARN_EMPTY_BODY = YES;
				CLANG_WARN_ENUM_CONVERSION = YES;
				CLANG_WARN_INFINITE_RECURSION = YES;
				CLANG_WARN_INT_CONVERSION = YES;
				CLANG_WARN_NON_LITERAL_NULL_CONVERSION = YES;
				CLANG_WARN_OBJC_IMPLICIT_RETAIN_SELF = YES;
				CLANG_WARN_OBJC_LITERAL_CONVERSION = YES;
				CLANG_WARN_OBJC_ROOT_CLASS = YES_ERROR;
				CLANG_WARN_QUOTED_INCLUDE_IN_FRAMEWORK_HEADER = YES;
				CLANG_WARN_RANGE_LOOP_ANALYSIS = YES;
				CLANG_WARN_STRICT_PROTOTYPES = YES;
				CLANG_WARN_SUSPICIOUS_MOVE = YES;
				CLANG_WARN_UNGUARDED_AVAILABILITY = YES_AGGRESSIVE;
				CLANG_WARN_UNREACHABLE_CODE = YES;
				CLANG_WARN__DUPLICATE_METHOD_MATCH = YES;
				COPY_PHASE_STRIP = NO;
				DEBUG_INFORMATION_FORMAT = dwarf;
				ENABLE_STRICT_OBJC_MSGSEND = YES;
				ENABLE_TESTABILITY = YES;
				GCC_C_LANGUAGE_STANDARD = gnu11;
				GCC_DYNAMIC_NO_PIC = NO;
				GCC_NO_COMMON_BLOCKS = YES;
				GCC_OPTIMIZATION_LEVEL = 0;
				GCC_PREPROCESSOR_DEFINITIONS = (
					"DEBUG=1",
					"$(inherited)",
				);
				GCC_WARN_64_TO_32_BIT_CONVERSION = YES;
				GCC_WARN_ABOUT_RETURN_TYPE = YES_ERROR;
				GCC_WARN_UNDECLARED_SELECTOR = YES;
				GCC_WARN_UNINITIALIZED_AUTOS = YES_AGGRESSIVE;
				GCC_WARN_UNUSED_FUNCTION = YES;
				GCC_WARN_UNUSED_VARIABLE = YES;
				IPHONEOS_DEPLOYMENT_TARGET = 16.2;
				MTL_ENABLE_DEBUG_INFO = INCLUDE_SOURCE;
				MTL_FAST_MATH = YES;
				ONLY_ACTIVE_ARCH = YES;
				SDKROOT = iphoneos;
				SWIFT_ACTIVE_COMPILATION_CONDITIONS = DEBUG;
				SWIFT_OPTIMIZATION_LEVEL = "-Onone";
			};
			name = Debug;
		};
		D40BC2E029CE1E1400B4A1E2 /* Release */ = {
			isa = XCBuildConfiguration;
			buildSettings = {
				ALWAYS_SEARCH_USER_PATHS = NO;
				CLANG_ANALYZER_NONNULL = YES;
				CLANG_ANALYZER_NUMBER_OBJECT_CONVERSION = YES_AGGRESSIVE;
				CLANG_CXX_LANGUAGE_STANDARD = "gnu++20";
				CLANG_ENABLE_MODULES = YES;
				CLANG_ENABLE_OBJC_ARC = YES;
				CLANG_ENABLE_OBJC_WEAK = YES;
				CLANG_WARN_BLOCK_CAPTURE_AUTORELEASING = YES;
				CLANG_WARN_BOOL_CONVERSION = YES;
				CLANG_WARN_COMMA = YES;
				CLANG_WARN_CONSTANT_CONVERSION = YES;
				CLANG_WARN_DEPRECATED_OBJC_IMPLEMENTATIONS = YES;
				CLANG_WARN_DIRECT_OBJC_ISA_USAGE = YES_ERROR;
				CLANG_WARN_DOCUMENTATION_COMMENTS = YES;
				CLANG_WARN_EMPTY_BODY = YES;
				CLANG_WARN_ENUM_CONVERSION = YES;
				CLANG_WARN_INFINITE_RECURSION = YES;
				CLANG_WARN_INT_CONVERSION = YES;
				CLANG_WARN_NON_LITERAL_NULL_CONVERSION = YES;
				CLANG_WARN_OBJC_IMPLICIT_RETAIN_SELF = YES;
				CLANG_WARN_OBJC_LITERAL_CONVERSION = YES;
				CLANG_WARN_OBJC_ROOT_CLASS = YES_ERROR;
				CLANG_WARN_QUOTED_INCLUDE_IN_FRAMEWORK_HEADER = YES;
				CLANG_WARN_RANGE_LOOP_ANALYSIS = YES;
				CLANG_WARN_STRICT_PROTOTYPES = YES;
				CLANG_WARN_SUSPICIOUS_MOVE = YES;
				CLANG_WARN_UNGUARDED_AVAILABILITY = YES_AGGRESSIVE;
				CLANG_WARN_UNREACHABLE_CODE = YES;
				CLANG_WARN__DUPLICATE_METHOD_MATCH = YES;
				COPY_PHASE_STRIP = NO;
				DEBUG_INFORMATION_FORMAT = "dwarf-with-dsym";
				ENABLE_NS_ASSERTIONS = NO;
				ENABLE_STRICT_OBJC_MSGSEND = YES;
				GCC_C_LANGUAGE_STANDARD = gnu11;
				GCC_NO_COMMON_BLOCKS = YES;
				GCC_WARN_64_TO_32_BIT_CONVERSION = YES;
				GCC_WARN_ABOUT_RETURN_TYPE = YES_ERROR;
				GCC_WARN_UNDECLARED_SELECTOR = YES;
				GCC_WARN_UNINITIALIZED_AUTOS = YES_AGGRESSIVE;
				GCC_WARN_UNUSED_FUNCTION = YES;
				GCC_WARN_UNUSED_VARIABLE = YES;
				IPHONEOS_DEPLOYMENT_TARGET = 16.2;
				MTL_ENABLE_DEBUG_INFO = NO;
				MTL_FAST_MATH = YES;
				SDKROOT = iphoneos;
				SWIFT_COMPILATION_MODE = wholemodule;
				SWIFT_OPTIMIZATION_LEVEL = "-O";
				VALIDATE_PRODUCT = YES;
			};
			name = Release;
		};
		D40BC2E229CE1E1400B4A1E2 /* Debug */ = {
			isa = XCBuildConfiguration;
			buildSettings = {
				ASSETCATALOG_COMPILER_APPICON_NAME = AppIcon;
				ASSETCATALOG_COMPILER_GLOBAL_ACCENT_COLOR_NAME = AccentColor;
				CODE_SIGN_STYLE = Automatic;
				CURRENT_PROJECT_VERSION = 1;
				DEVELOPMENT_TEAM = PA272Y5JK8;
				GENERATE_INFOPLIST_FILE = YES;
				INFOPLIST_FILE = CatalogViewer/Info.plist;
				INFOPLIST_KEY_UIApplicationSupportsIndirectInputEvents = YES;
				INFOPLIST_KEY_UILaunchStoryboardName = LaunchScreen;
				INFOPLIST_KEY_UISupportedInterfaceOrientations_iPad = "UIInterfaceOrientationPortrait UIInterfaceOrientationPortraitUpsideDown UIInterfaceOrientationLandscapeLeft UIInterfaceOrientationLandscapeRight";
				INFOPLIST_KEY_UISupportedInterfaceOrientations_iPhone = "UIInterfaceOrientationPortrait UIInterfaceOrientationLandscapeLeft UIInterfaceOrientationLandscapeRight";
				IPHONEOS_DEPLOYMENT_TARGET = 15.0;
				LD_RUNPATH_SEARCH_PATHS = (
					"$(inherited)",
					"@executable_path/Frameworks",
				);
				MARKETING_VERSION = 1.0;
				PRODUCT_BUNDLE_IDENTIFIER = com.hardijs..CatalogViewer;
				PRODUCT_NAME = "$(TARGET_NAME)";
				SUPPORTED_PLATFORMS = "iphoneos iphonesimulator";
				SUPPORTS_MACCATALYST = NO;
				SUPPORTS_MAC_DESIGNED_FOR_IPHONE_IPAD = NO;
				SWIFT_EMIT_LOC_STRINGS = YES;
				SWIFT_VERSION = 5.0;
				TARGETED_DEVICE_FAMILY = 1;
			};
			name = Debug;
		};
		D40BC2E329CE1E1400B4A1E2 /* Release */ = {
			isa = XCBuildConfiguration;
			buildSettings = {
				ASSETCATALOG_COMPILER_APPICON_NAME = AppIcon;
				ASSETCATALOG_COMPILER_GLOBAL_ACCENT_COLOR_NAME = AccentColor;
				CODE_SIGN_STYLE = Automatic;
				CURRENT_PROJECT_VERSION = 1;
				DEVELOPMENT_TEAM = PA272Y5JK8;
				GENERATE_INFOPLIST_FILE = YES;
				INFOPLIST_FILE = CatalogViewer/Info.plist;
				INFOPLIST_KEY_UIApplicationSupportsIndirectInputEvents = YES;
				INFOPLIST_KEY_UILaunchStoryboardName = LaunchScreen;
				INFOPLIST_KEY_UISupportedInterfaceOrientations_iPad = "UIInterfaceOrientationPortrait UIInterfaceOrientationPortraitUpsideDown UIInterfaceOrientationLandscapeLeft UIInterfaceOrientationLandscapeRight";
				INFOPLIST_KEY_UISupportedInterfaceOrientations_iPhone = "UIInterfaceOrientationPortrait UIInterfaceOrientationLandscapeLeft UIInterfaceOrientationLandscapeRight";
				IPHONEOS_DEPLOYMENT_TARGET = 15.0;
				LD_RUNPATH_SEARCH_PATHS = (
					"$(inherited)",
					"@executable_path/Frameworks",
				);
				MARKETING_VERSION = 1.0;
				PRODUCT_BUNDLE_IDENTIFIER = com.hardijs..CatalogViewer;
				PRODUCT_NAME = "$(TARGET_NAME)";
				SUPPORTED_PLATFORMS = "iphoneos iphonesimulator";
				SUPPORTS_MACCATALYST = NO;
				SUPPORTS_MAC_DESIGNED_FOR_IPHONE_IPAD = NO;
				SWIFT_EMIT_LOC_STRINGS = YES;
				SWIFT_VERSION = 5.0;
				TARGETED_DEVICE_FAMILY = 1;
			};
			name = Release;
		};
/* End XCBuildConfiguration section */

/* Begin XCConfigurationList section */
		D40BC2C829CE1E1300B4A1E2 /* Build configuration list for PBXProject "CatalogViewer" */ = {
			isa = XCConfigurationList;
			buildConfigurations = (
				D40BC2DF29CE1E1400B4A1E2 /* Debug */,
				D40BC2E029CE1E1400B4A1E2 /* Release */,
			);
			defaultConfigurationIsVisible = 0;
			defaultConfigurationName = Release;
		};
		D40BC2E129CE1E1400B4A1E2 /* Build configuration list for PBXNativeTarget "CatalogViewer" */ = {
			isa = XCConfigurationList;
			buildConfigurations = (
				D40BC2E229CE1E1400B4A1E2 /* Debug */,
				D40BC2E329CE1E1400B4A1E2 /* Release */,
			);
			defaultConfigurationIsVisible = 0;
			defaultConfigurationName = Release;
		};
/* End XCConfigurationList section */

/* Begin XCRemoteSwiftPackageReference section */
		D40BC2E429CE212700B4A1E2 /* XCRemoteSwiftPackageReference "DevTools-Swift" */ = {
			isa = XCRemoteSwiftPackageReference;
			repositoryURL = "https://github.com/hk14004/DevTools-Swift";
			requirement = {
				branch = "dev/persistance-layer";
				kind = branch;
			};
		};
		D40BC30F29CEE00000B4A1E2 /* XCRemoteSwiftPackageReference "Kingfisher" */ = {
			isa = XCRemoteSwiftPackageReference;
			repositoryURL = "https://github.com/onevcat/Kingfisher";
			requirement = {
				kind = upToNextMajorVersion;
				minimumVersion = 7.0.0;
			};
		};
		D40BC33929CF1C9C00B4A1E2 /* XCRemoteSwiftPackageReference "Swinject" */ = {
			isa = XCRemoteSwiftPackageReference;
			repositoryURL = "https://github.com/Swinject/Swinject";
			requirement = {
				kind = upToNextMajorVersion;
				minimumVersion = 2.0.0;
			};
		};
/* End XCRemoteSwiftPackageReference section */

/* Begin XCSwiftPackageProductDependency section */
		D40BC2E529CE212700B4A1E2 /* DevTools */ = {
			isa = XCSwiftPackageProductDependency;
			package = D40BC2E429CE212700B4A1E2 /* XCRemoteSwiftPackageReference "DevTools-Swift" */;
			productName = DevTools;
		};
		D40BC2E729CE212700B4A1E2 /* DevToolsNavigation */ = {
			isa = XCSwiftPackageProductDependency;
			package = D40BC2E429CE212700B4A1E2 /* XCRemoteSwiftPackageReference "DevTools-Swift" */;
			productName = DevToolsNavigation;
		};
		D40BC2E929CE212700B4A1E2 /* DevToolsNetworking */ = {
			isa = XCSwiftPackageProductDependency;
			package = D40BC2E429CE212700B4A1E2 /* XCRemoteSwiftPackageReference "DevTools-Swift" */;
			productName = DevToolsNetworking;
		};
		D40BC2EB29CE212700B4A1E2 /* DevToolsRealm */ = {
			isa = XCSwiftPackageProductDependency;
			package = D40BC2E429CE212700B4A1E2 /* XCRemoteSwiftPackageReference "DevTools-Swift" */;
			productName = DevToolsRealm;
		};
		D40BC2ED29CE212700B4A1E2 /* DevToolsUI */ = {
			isa = XCSwiftPackageProductDependency;
			package = D40BC2E429CE212700B4A1E2 /* XCRemoteSwiftPackageReference "DevTools-Swift" */;
			productName = DevToolsUI;
		};
		D40BC31029CEE00000B4A1E2 /* Kingfisher */ = {
			isa = XCSwiftPackageProductDependency;
			package = D40BC30F29CEE00000B4A1E2 /* XCRemoteSwiftPackageReference "Kingfisher" */;
			productName = Kingfisher;
		};
		D40BC33A29CF1C9C00B4A1E2 /* Swinject */ = {
			isa = XCSwiftPackageProductDependency;
			package = D40BC33929CF1C9C00B4A1E2 /* XCRemoteSwiftPackageReference "Swinject" */;
			productName = Swinject;
		};
/* End XCSwiftPackageProductDependency section */
	};
	rootObject = D40BC2C529CE1E1300B4A1E2 /* Project object */;
}
